
Microsoft Visual Studio Solution File, Format Version 12.00
# Visual Studio 2013
VisualStudioVersion = 12.0.40629.0
MinimumVisualStudioVersion = 10.0.40219.1
Project("{FAE04EC0-301F-11D3-BF4B-00C04F79EFBC}") = "TrackerCallback", "ExampleClients\TrackerCallback\TrackerCallback.csproj", "{45AB7E24-AFDA-4188-B05F-6EF0E12D1622}"
EndProject
Project("{2150E333-8FDC-42A3-9474-1A3956D46DE8}") = "ExampleClients", "ExampleClients", "{1DD13E86-1023-4530-9F16-1BDD7CC43467}"
EndProject
Project("{FAE04EC0-301F-11D3-BF4B-00C04F79EFBC}") = "ClientKit", "ClientKit\ClientKit.csproj", "{9AB9F53D-1F42-4045-8DFC-9D389D44BB35}"
EndProject
Project("{FAE04EC0-301F-11D3-BF4B-00C04F79EFBC}") = "ButtonCallback", "ExampleClients\ButtonCallback\ButtonCallback.csproj", "{137C4AC1-664A-4E0A-BEA8-10DDC29EA661}"
EndProject
Project("{FAE04EC0-301F-11D3-BF4B-00C04F79EFBC}") = "AnalogCallback", "ExampleClients\AnalogCallback\AnalogCallback.csproj", "{1F7CB7B1-2920-4FCA-A219-4D4B5C7BE399}"
EndProject
Project("{FAE04EC0-301F-11D3-BF4B-00C04F79EFBC}") = "DisplayParameter", "ExampleClients\DisplayParameter\DisplayParameter.csproj", "{F7EA489E-0F33-43DE-B622-C30CB856CB19}"
EndProject
Project("{FAE04EC0-301F-11D3-BF4B-00C04F79EFBC}") = "ButtonState", "ExampleClients\ButtonState\ButtonState.csproj", "{C1E3B435-8DA9-4E5F-BFD5-F4227A45864F}"
EndProject
Project("{FAE04EC0-301F-11D3-BF4B-00C04F79EFBC}") = "InterfaceAdapter", "ExampleClients\InterfaceAdapter\InterfaceAdapter.csproj", "{EF103A38-3E44-41E5-874B-F7B7BD0B9D4C}"
EndProject
Project("{FAE04EC0-301F-11D3-BF4B-00C04F79EFBC}") = "Location2D", "ExampleClients\Location2D\Location2D.csproj", "{C6B3BAD2-E6BF-4712-B6C1-D9424AC6A9A3}"
EndProject
Project("{FAE04EC0-301F-11D3-BF4B-00C04F79EFBC}") = "EyeTracker", "ExampleClients\EyeTracker\EyeTracker.csproj", "{0DCA8E4E-DA4D-48F7-88D4-EAD3244C406C}"
EndProject
Project("{FAE04EC0-301F-11D3-BF4B-00C04F79EFBC}") = "Direction", "ExampleClients\Direction\Direction.csproj", "{9FBFA0A5-1ECB-408E-9983-5D97079FB9A6}"
EndProject
Project("{FAE04EC0-301F-11D3-BF4B-00C04F79EFBC}") = "MatrixConventions", "ExampleClients\MatrixConventions\MatrixConventions.csproj", "{205E7574-03C9-4D14-913A-26310EF32732}"
EndProject
Project("{FAE04EC0-301F-11D3-BF4B-00C04F79EFBC}") = "Imaging", "ExampleClients\Imaging\Imaging.csproj", "{A2B67A96-1103-4085-AE55-1AE65331858F}"
EndProject
Project("{FAE04EC0-301F-11D3-BF4B-00C04F79EFBC}") = "JointClientKit", "ExampleClients\JointClientKit\JointClientKit.csproj", "{8CD3CFDA-A288-4F7D-B164-8DD4EFB998C2}"
EndProject
Project("{FAE04EC0-301F-11D3-BF4B-00C04F79EFBC}") = "Locomotion", "ExampleClients\Locamotion\Locomotion.csproj", "{17DAE210-0412-4E1D-B087-6886DF5D6A28}"
EndProject
Global
	GlobalSection(SolutionConfigurationPlatforms) = preSolution
		Debug20|Any CPU = Debug20|Any CPU
		Debug45|Any CPU = Debug45|Any CPU
		Release20|Any CPU = Release20|Any CPU
		Release45|Any CPU = Release45|Any CPU
	EndGlobalSection
	GlobalSection(ProjectConfigurationPlatforms) = postSolution
		{45AB7E24-AFDA-4188-B05F-6EF0E12D1622}.Debug20|Any CPU.ActiveCfg = Debug20|Any CPU
		{45AB7E24-AFDA-4188-B05F-6EF0E12D1622}.Debug20|Any CPU.Build.0 = Debug20|Any CPU
		{45AB7E24-AFDA-4188-B05F-6EF0E12D1622}.Debug45|Any CPU.ActiveCfg = Debug45|Any CPU
		{45AB7E24-AFDA-4188-B05F-6EF0E12D1622}.Debug45|Any CPU.Build.0 = Debug45|Any CPU
		{45AB7E24-AFDA-4188-B05F-6EF0E12D1622}.Release20|Any CPU.ActiveCfg = Release20|Any CPU
		{45AB7E24-AFDA-4188-B05F-6EF0E12D1622}.Release20|Any CPU.Build.0 = Release20|Any CPU
		{45AB7E24-AFDA-4188-B05F-6EF0E12D1622}.Release45|Any CPU.ActiveCfg = Release45|Any CPU
		{45AB7E24-AFDA-4188-B05F-6EF0E12D1622}.Release45|Any CPU.Build.0 = Release45|Any CPU
		{9AB9F53D-1F42-4045-8DFC-9D389D44BB35}.Debug20|Any CPU.ActiveCfg = Debug20|Any CPU
		{9AB9F53D-1F42-4045-8DFC-9D389D44BB35}.Debug20|Any CPU.Build.0 = Debug20|Any CPU
		{9AB9F53D-1F42-4045-8DFC-9D389D44BB35}.Debug45|Any CPU.ActiveCfg = Debug45|Any CPU
		{9AB9F53D-1F42-4045-8DFC-9D389D44BB35}.Debug45|Any CPU.Build.0 = Debug45|Any CPU
		{9AB9F53D-1F42-4045-8DFC-9D389D44BB35}.Release20|Any CPU.ActiveCfg = Release20|Any CPU
		{9AB9F53D-1F42-4045-8DFC-9D389D44BB35}.Release20|Any CPU.Build.0 = Release20|Any CPU
		{9AB9F53D-1F42-4045-8DFC-9D389D44BB35}.Release45|Any CPU.ActiveCfg = Release45|Any CPU
		{9AB9F53D-1F42-4045-8DFC-9D389D44BB35}.Release45|Any CPU.Build.0 = Release45|Any CPU
		{137C4AC1-664A-4E0A-BEA8-10DDC29EA661}.Debug20|Any CPU.ActiveCfg = Debug20|Any CPU
		{137C4AC1-664A-4E0A-BEA8-10DDC29EA661}.Debug20|Any CPU.Build.0 = Debug20|Any CPU
		{137C4AC1-664A-4E0A-BEA8-10DDC29EA661}.Debug45|Any CPU.ActiveCfg = Debug45|Any CPU
		{137C4AC1-664A-4E0A-BEA8-10DDC29EA661}.Debug45|Any CPU.Build.0 = Debug45|Any CPU
		{137C4AC1-664A-4E0A-BEA8-10DDC29EA661}.Release20|Any CPU.ActiveCfg = Release20|Any CPU
		{137C4AC1-664A-4E0A-BEA8-10DDC29EA661}.Release20|Any CPU.Build.0 = Release20|Any CPU
		{137C4AC1-664A-4E0A-BEA8-10DDC29EA661}.Release45|Any CPU.ActiveCfg = Release45|Any CPU
		{137C4AC1-664A-4E0A-BEA8-10DDC29EA661}.Release45|Any CPU.Build.0 = Release45|Any CPU
		{1F7CB7B1-2920-4FCA-A219-4D4B5C7BE399}.Debug20|Any CPU.ActiveCfg = Debug20|Any CPU
		{1F7CB7B1-2920-4FCA-A219-4D4B5C7BE399}.Debug20|Any CPU.Build.0 = Debug20|Any CPU
		{1F7CB7B1-2920-4FCA-A219-4D4B5C7BE399}.Debug45|Any CPU.ActiveCfg = Debug45|Any CPU
		{1F7CB7B1-2920-4FCA-A219-4D4B5C7BE399}.Debug45|Any CPU.Build.0 = Debug45|Any CPU
		{1F7CB7B1-2920-4FCA-A219-4D4B5C7BE399}.Release20|Any CPU.ActiveCfg = Release20|Any CPU
		{1F7CB7B1-2920-4FCA-A219-4D4B5C7BE399}.Release20|Any CPU.Build.0 = Release20|Any CPU
		{1F7CB7B1-2920-4FCA-A219-4D4B5C7BE399}.Release45|Any CPU.ActiveCfg = Release45|Any CPU
		{1F7CB7B1-2920-4FCA-A219-4D4B5C7BE399}.Release45|Any CPU.Build.0 = Release45|Any CPU
		{F7EA489E-0F33-43DE-B622-C30CB856CB19}.Debug20|Any CPU.ActiveCfg = Debug20|Any CPU
		{F7EA489E-0F33-43DE-B622-C30CB856CB19}.Debug20|Any CPU.Build.0 = Debug20|Any CPU
		{F7EA489E-0F33-43DE-B622-C30CB856CB19}.Debug45|Any CPU.ActiveCfg = Debug45|Any CPU
		{F7EA489E-0F33-43DE-B622-C30CB856CB19}.Debug45|Any CPU.Build.0 = Debug45|Any CPU
		{F7EA489E-0F33-43DE-B622-C30CB856CB19}.Release20|Any CPU.ActiveCfg = Release20|Any CPU
		{F7EA489E-0F33-43DE-B622-C30CB856CB19}.Release20|Any CPU.Build.0 = Release20|Any CPU
		{F7EA489E-0F33-43DE-B622-C30CB856CB19}.Release45|Any CPU.ActiveCfg = Release45|Any CPU
		{F7EA489E-0F33-43DE-B622-C30CB856CB19}.Release45|Any CPU.Build.0 = Release45|Any CPU
		{C1E3B435-8DA9-4E5F-BFD5-F4227A45864F}.Debug20|Any CPU.ActiveCfg = Debug20|Any CPU
		{C1E3B435-8DA9-4E5F-BFD5-F4227A45864F}.Debug20|Any CPU.Build.0 = Debug20|Any CPU
		{C1E3B435-8DA9-4E5F-BFD5-F4227A45864F}.Debug45|Any CPU.ActiveCfg = Debug45|Any CPU
		{C1E3B435-8DA9-4E5F-BFD5-F4227A45864F}.Debug45|Any CPU.Build.0 = Debug45|Any CPU
		{C1E3B435-8DA9-4E5F-BFD5-F4227A45864F}.Release20|Any CPU.ActiveCfg = Release20|Any CPU
		{C1E3B435-8DA9-4E5F-BFD5-F4227A45864F}.Release20|Any CPU.Build.0 = Release20|Any CPU
		{C1E3B435-8DA9-4E5F-BFD5-F4227A45864F}.Release45|Any CPU.ActiveCfg = Release45|Any CPU
		{C1E3B435-8DA9-4E5F-BFD5-F4227A45864F}.Release45|Any CPU.Build.0 = Release45|Any CPU
		{EF103A38-3E44-41E5-874B-F7B7BD0B9D4C}.Debug20|Any CPU.ActiveCfg = Debug20|Any CPU
		{EF103A38-3E44-41E5-874B-F7B7BD0B9D4C}.Debug20|Any CPU.Build.0 = Debug20|Any CPU
		{EF103A38-3E44-41E5-874B-F7B7BD0B9D4C}.Debug45|Any CPU.ActiveCfg = Debug45|Any CPU
		{EF103A38-3E44-41E5-874B-F7B7BD0B9D4C}.Debug45|Any CPU.Build.0 = Debug45|Any CPU
		{EF103A38-3E44-41E5-874B-F7B7BD0B9D4C}.Release20|Any CPU.ActiveCfg = Release20|Any CPU
		{EF103A38-3E44-41E5-874B-F7B7BD0B9D4C}.Release20|Any CPU.Build.0 = Release20|Any CPU
		{EF103A38-3E44-41E5-874B-F7B7BD0B9D4C}.Release45|Any CPU.ActiveCfg = Release45|Any CPU
		{EF103A38-3E44-41E5-874B-F7B7BD0B9D4C}.Release45|Any CPU.Build.0 = Release45|Any CPU
		{C6B3BAD2-E6BF-4712-B6C1-D9424AC6A9A3}.Debug20|Any CPU.ActiveCfg = Debug20|Any CPU
		{C6B3BAD2-E6BF-4712-B6C1-D9424AC6A9A3}.Debug20|Any CPU.Build.0 = Debug20|Any CPU
		{C6B3BAD2-E6BF-4712-B6C1-D9424AC6A9A3}.Debug45|Any CPU.ActiveCfg = Debug45|Any CPU
		{C6B3BAD2-E6BF-4712-B6C1-D9424AC6A9A3}.Debug45|Any CPU.Build.0 = Debug45|Any CPU
		{C6B3BAD2-E6BF-4712-B6C1-D9424AC6A9A3}.Release20|Any CPU.ActiveCfg = Release20|Any CPU
		{C6B3BAD2-E6BF-4712-B6C1-D9424AC6A9A3}.Release20|Any CPU.Build.0 = Release20|Any CPU
		{C6B3BAD2-E6BF-4712-B6C1-D9424AC6A9A3}.Release45|Any CPU.ActiveCfg = Release45|Any CPU
		{C6B3BAD2-E6BF-4712-B6C1-D9424AC6A9A3}.Release45|Any CPU.Build.0 = Release45|Any CPU
		{0DCA8E4E-DA4D-48F7-88D4-EAD3244C406C}.Debug20|Any CPU.ActiveCfg = Debug20|Any CPU
		{0DCA8E4E-DA4D-48F7-88D4-EAD3244C406C}.Debug20|Any CPU.Build.0 = Debug20|Any CPU
		{0DCA8E4E-DA4D-48F7-88D4-EAD3244C406C}.Debug45|Any CPU.ActiveCfg = Debug45|Any CPU
		{0DCA8E4E-DA4D-48F7-88D4-EAD3244C406C}.Debug45|Any CPU.Build.0 = Debug45|Any CPU
		{0DCA8E4E-DA4D-48F7-88D4-EAD3244C406C}.Release20|Any CPU.ActiveCfg = Release20|Any CPU
		{0DCA8E4E-DA4D-48F7-88D4-EAD3244C406C}.Release20|Any CPU.Build.0 = Release20|Any CPU
		{0DCA8E4E-DA4D-48F7-88D4-EAD3244C406C}.Release45|Any CPU.ActiveCfg = Release45|Any CPU
		{0DCA8E4E-DA4D-48F7-88D4-EAD3244C406C}.Release45|Any CPU.Build.0 = Release45|Any CPU
		{9FBFA0A5-1ECB-408E-9983-5D97079FB9A6}.Debug20|Any CPU.ActiveCfg = Debug20|Any CPU
		{9FBFA0A5-1ECB-408E-9983-5D97079FB9A6}.Debug20|Any CPU.Build.0 = Debug20|Any CPU
		{9FBFA0A5-1ECB-408E-9983-5D97079FB9A6}.Debug45|Any CPU.ActiveCfg = Debug45|Any CPU
		{9FBFA0A5-1ECB-408E-9983-5D97079FB9A6}.Debug45|Any CPU.Build.0 = Debug45|Any CPU
		{9FBFA0A5-1ECB-408E-9983-5D97079FB9A6}.Release20|Any CPU.ActiveCfg = Release20|Any CPU
		{9FBFA0A5-1ECB-408E-9983-5D97079FB9A6}.Release20|Any CPU.Build.0 = Release20|Any CPU
		{9FBFA0A5-1ECB-408E-9983-5D97079FB9A6}.Release45|Any CPU.ActiveCfg = Release45|Any CPU
		{9FBFA0A5-1ECB-408E-9983-5D97079FB9A6}.Release45|Any CPU.Build.0 = Release45|Any CPU
		{205E7574-03C9-4D14-913A-26310EF32732}.Debug20|Any CPU.ActiveCfg = Debug20|Any CPU
		{205E7574-03C9-4D14-913A-26310EF32732}.Debug20|Any CPU.Build.0 = Debug20|Any CPU
		{205E7574-03C9-4D14-913A-26310EF32732}.Debug45|Any CPU.ActiveCfg = Debug45|Any CPU
		{205E7574-03C9-4D14-913A-26310EF32732}.Debug45|Any CPU.Build.0 = Debug45|Any CPU
		{205E7574-03C9-4D14-913A-26310EF32732}.Release20|Any CPU.ActiveCfg = Release20|Any CPU
		{205E7574-03C9-4D14-913A-26310EF32732}.Release20|Any CPU.Build.0 = Release20|Any CPU
		{205E7574-03C9-4D14-913A-26310EF32732}.Release45|Any CPU.ActiveCfg = Release45|Any CPU
		{205E7574-03C9-4D14-913A-26310EF32732}.Release45|Any CPU.Build.0 = Release45|Any CPU
		{A2B67A96-1103-4085-AE55-1AE65331858F}.Debug20|Any CPU.ActiveCfg = Debug20|Any CPU
		{A2B67A96-1103-4085-AE55-1AE65331858F}.Debug20|Any CPU.Build.0 = Debug20|Any CPU
		{A2B67A96-1103-4085-AE55-1AE65331858F}.Debug45|Any CPU.ActiveCfg = Debug45|Any CPU
		{A2B67A96-1103-4085-AE55-1AE65331858F}.Debug45|Any CPU.Build.0 = Debug45|Any CPU
		{A2B67A96-1103-4085-AE55-1AE65331858F}.Release20|Any CPU.ActiveCfg = Release20|Any CPU
		{A2B67A96-1103-4085-AE55-1AE65331858F}.Release20|Any CPU.Build.0 = Release20|Any CPU
		{A2B67A96-1103-4085-AE55-1AE65331858F}.Release45|Any CPU.ActiveCfg = Release45|Any CPU
		{A2B67A96-1103-4085-AE55-1AE65331858F}.Release45|Any CPU.Build.0 = Release45|Any CPU
		{8CD3CFDA-A288-4F7D-B164-8DD4EFB998C2}.Debug20|Any CPU.ActiveCfg = Debug20|Any CPU
		{8CD3CFDA-A288-4F7D-B164-8DD4EFB998C2}.Debug20|Any CPU.Build.0 = Debug20|Any CPU
		{8CD3CFDA-A288-4F7D-B164-8DD4EFB998C2}.Debug45|Any CPU.ActiveCfg = Debug45|Any CPU
		{8CD3CFDA-A288-4F7D-B164-8DD4EFB998C2}.Debug45|Any CPU.Build.0 = Debug45|Any CPU
		{8CD3CFDA-A288-4F7D-B164-8DD4EFB998C2}.Release20|Any CPU.ActiveCfg = Release20|Any CPU
		{8CD3CFDA-A288-4F7D-B164-8DD4EFB998C2}.Release20|Any CPU.Build.0 = Release20|Any CPU
		{8CD3CFDA-A288-4F7D-B164-8DD4EFB998C2}.Release45|Any CPU.ActiveCfg = Release45|Any CPU
		{8CD3CFDA-A288-4F7D-B164-8DD4EFB998C2}.Release45|Any CPU.Build.0 = Release45|Any CPU
		{17DAE210-0412-4E1D-B087-6886DF5D6A28}.Debug20|Any CPU.ActiveCfg = Debug20|Any CPU
		{17DAE210-0412-4E1D-B087-6886DF5D6A28}.Debug20|Any CPU.Build.0 = Debug20|Any CPU
		{17DAE210-0412-4E1D-B087-6886DF5D6A28}.Debug45|Any CPU.ActiveCfg = Debug45|Any CPU
		{17DAE210-0412-4E1D-B087-6886DF5D6A28}.Debug45|Any CPU.Build.0 = Debug45|Any CPU
		{17DAE210-0412-4E1D-B087-6886DF5D6A28}.Release20|Any CPU.ActiveCfg = Release20|Any CPU
		{17DAE210-0412-4E1D-B087-6886DF5D6A28}.Release20|Any CPU.Build.0 = Release20|Any CPU
		{17DAE210-0412-4E1D-B087-6886DF5D6A28}.Release45|Any CPU.ActiveCfg = Release45|Any CPU
		{17DAE210-0412-4E1D-B087-6886DF5D6A28}.Release45|Any CPU.Build.0 = Release45|Any CPU
	EndGlobalSection
	GlobalSection(SolutionProperties) = preSolution
		HideSolutionNode = FALSE
	EndGlobalSection
	GlobalSection(NestedProjects) = preSolution
		{45AB7E24-AFDA-4188-B05F-6EF0E12D1622} = {1DD13E86-1023-4530-9F16-1BDD7CC43467}
		{137C4AC1-664A-4E0A-BEA8-10DDC29EA661} = {1DD13E86-1023-4530-9F16-1BDD7CC43467}
		{1F7CB7B1-2920-4FCA-A219-4D4B5C7BE399} = {1DD13E86-1023-4530-9F16-1BDD7CC43467}
		{F7EA489E-0F33-43DE-B622-C30CB856CB19} = {1DD13E86-1023-4530-9F16-1BDD7CC43467}
		{C1E3B435-8DA9-4E5F-BFD5-F4227A45864F} = {1DD13E86-1023-4530-9F16-1BDD7CC43467}
		{EF103A38-3E44-41E5-874B-F7B7BD0B9D4C} = {1DD13E86-1023-4530-9F16-1BDD7CC43467}
		{C6B3BAD2-E6BF-4712-B6C1-D9424AC6A9A3} = {1DD13E86-1023-4530-9F16-1BDD7CC43467}
		{0DCA8E4E-DA4D-48F7-88D4-EAD3244C406C} = {1DD13E86-1023-4530-9F16-1BDD7CC43467}
		{9FBFA0A5-1ECB-408E-9983-5D97079FB9A6} = {1DD13E86-1023-4530-9F16-1BDD7CC43467}
		{205E7574-03C9-4D14-913A-26310EF32732} = {1DD13E86-1023-4530-9F16-1BDD7CC43467}
		{A2B67A96-1103-4085-AE55-1AE65331858F} = {1DD13E86-1023-4530-9F16-1BDD7CC43467}
		{8CD3CFDA-A288-4F7D-B164-8DD4EFB998C2} = {1DD13E86-1023-4530-9F16-1BDD7CC43467}
		{17DAE210-0412-4E1D-B087-6886DF5D6A28} = {1DD13E86-1023-4530-9F16-1BDD7CC43467}
	EndGlobalSection
EndGlobal
