
Microsoft Visual Studio Solution File, Format Version 12.00
# Visual Studio 15
VisualStudioVersion = 15.0.26430.6
MinimumVisualStudioVersion = 10.0.40219.1
Project("{FAE04EC0-301F-11D3-BF4B-00C04F79EFBC}") = "ClientKit", "ClientKit/ClientKit.win10.csproj", "{438A507E-5DA4-499F-AD91-DED7B3ADF291}"
EndProject
Global
	GlobalSection(SolutionConfigurationPlatforms) = preSolution
		Debug|Any CPU = Debug|Any CPU
		Debug|ARM = Debug|ARM
		Debug|x64 = Debug|x64
		Debug|x86 = Debug|x86
		Release|Any CPU = Release|Any CPU
		Release|ARM = Release|ARM
		Release|x64 = Release|x64
		Release|x86 = Release|x86
	EndGlobalSection
	GlobalSection(ProjectConfigurationPlatforms) = postSolution
		{438A507E-5DA4-499F-AD91-DED7B3ADF291}.Debug|Any CPU.ActiveCfg = Debug|Any CPU
		{438A507E-5DA4-499F-AD91-DED7B3ADF291}.Debug|Any CPU.Build.0 = Debug|Any CPU
		{438A507E-5DA4-499F-AD91-DED7B3ADF291}.Debug|ARM.ActiveCfg = Debug|ARM
		{438A507E-5DA4-499F-AD91-DED7B3ADF291}.Debug|ARM.Build.0 = Debug|ARM
		{438A507E-5DA4-499F-AD91-DED7B3ADF291}.Debug|x64.ActiveCfg = Debug|x64
		{438A507E-5DA4-499F-AD91-DED7B3ADF291}.Debug|x64.Build.0 = Debug|x64
		{438A507E-5DA4-499F-AD91-DED7B3ADF291}.Debug|x86.ActiveCfg = Debug|x86
		{438A507E-5DA4-499F-AD91-DED7B3ADF291}.Debug|x86.Build.0 = Debug|x86
		{438A507E-5DA4-499F-AD91-DED7B3ADF291}.Release|Any CPU.ActiveCfg = Release|Any CPU
		{438A507E-5DA4-499F-AD91-DED7B3ADF291}.Release|Any CPU.Build.0 = Release|Any CPU
		{438A507E-5DA4-499F-AD91-DED7B3ADF291}.Release|ARM.ActiveCfg = Release|ARM
		{438A507E-5DA4-499F-AD91-DED7B3ADF291}.Release|ARM.Build.0 = Release|ARM
		{438A507E-5DA4-499F-AD91-DED7B3ADF291}.Release|x64.ActiveCfg = Release|x64
		{438A507E-5DA4-499F-AD91-DED7B3ADF291}.Release|x64.Build.0 = Release|x64
		{438A507E-5DA4-499F-AD91-DED7B3ADF291}.Release|x86.ActiveCfg = Release|x86
		{438A507E-5DA4-499F-AD91-DED7B3ADF291}.Release|x86.Build.0 = Release|x86
	EndGlobalSection
	GlobalSection(SolutionProperties) = preSolution
		HideSolutionNode = FALSE
	EndGlobalSection
EndGlobal
